
Microsoft Visual Studio Solution File, Format Version 12.00
# Visual Studio Version 17
VisualStudioVersion = 17.6.33801.468
MinimumVisualStudioVersion = 10.0.40219.1
Project("{9A19103F-16F7-4668-BE54-9A1E7A4F7556}") = "ClassesMetodos", "ClassesMetodos.csproj", "{2B55C4A5-B967-46A8-AEAA-0A63C841847A}"
EndProject
Project("{9A19103F-16F7-4668-BE54-9A1E7A4F7556}") = "FabricaDeCarros", "..\FabricaDeCarros\FabricaDeCarros.csproj", "{76D11C33-F752-467B-8388-CD21A5FC4B71}"
EndProject
Project("{9A19103F-16F7-4668-BE54-9A1E7A4F7556}") = "Array-ArrayList-List", "..\EstruturaDeDados\Array-ArrayList-List.csproj", "{31222C12-FD0F-4653-82D2-90E06E71899A}"
EndProject
Project("{9A19103F-16F7-4668-BE54-9A1E7A4F7556}") = "TiposDeDadosAtividade1", "..\TiposDeDados\TiposDeDadosAtividade1.csproj", "{EA15FF89-33AD-413B-8BAD-6D59FE93285B}"
EndProject
Project("{FAE04EC0-301F-11D3-BF4B-00C04F79EFBC}") = "TiposDeDadosAtividade2", "..\TiposDeDadosAtividade2\TiposDeDadosAtividade2.csproj", "{96D2ACA8-C5EA-47AC-99CD-B82952D9C2BF}"
EndProject
Project("{FAE04EC0-301F-11D3-BF4B-00C04F79EFBC}") = "EstruturasDeControleAtividades", "..\EstruturasDeControleAtividades\EstruturasDeControleAtividades.csproj", "{5AEFA595-9F0F-43A3-8EA0-C422A8566B9B}"
EndProject
Global
	GlobalSection(SolutionConfigurationPlatforms) = preSolution
		Debug|Any CPU = Debug|Any CPU
		Release|Any CPU = Release|Any CPU
	EndGlobalSection
	GlobalSection(ProjectConfigurationPlatforms) = postSolution
		{2B55C4A5-B967-46A8-AEAA-0A63C841847A}.Debug|Any CPU.ActiveCfg = Debug|Any CPU
		{2B55C4A5-B967-46A8-AEAA-0A63C841847A}.Debug|Any CPU.Build.0 = Debug|Any CPU
		{2B55C4A5-B967-46A8-AEAA-0A63C841847A}.Release|Any CPU.ActiveCfg = Release|Any CPU
		{2B55C4A5-B967-46A8-AEAA-0A63C841847A}.Release|Any CPU.Build.0 = Release|Any CPU
		{76D11C33-F752-467B-8388-CD21A5FC4B71}.Debug|Any CPU.ActiveCfg = Debug|Any CPU
		{76D11C33-F752-467B-8388-CD21A5FC4B71}.Debug|Any CPU.Build.0 = Debug|Any CPU
		{76D11C33-F752-467B-8388-CD21A5FC4B71}.Release|Any CPU.ActiveCfg = Release|Any CPU
		{76D11C33-F752-467B-8388-CD21A5FC4B71}.Release|Any CPU.Build.0 = Release|Any CPU
		{31222C12-FD0F-4653-82D2-90E06E71899A}.Debug|Any CPU.ActiveCfg = Debug|Any CPU
		{31222C12-FD0F-4653-82D2-90E06E71899A}.Debug|Any CPU.Build.0 = Debug|Any CPU
		{31222C12-FD0F-4653-82D2-90E06E71899A}.Release|Any CPU.ActiveCfg = Release|Any CPU
		{31222C12-FD0F-4653-82D2-90E06E71899A}.Release|Any CPU.Build.0 = Release|Any CPU
		{EA15FF89-33AD-413B-8BAD-6D59FE93285B}.Debug|Any CPU.ActiveCfg = Debug|Any CPU
		{EA15FF89-33AD-413B-8BAD-6D59FE93285B}.Debug|Any CPU.Build.0 = Debug|Any CPU
		{EA15FF89-33AD-413B-8BAD-6D59FE93285B}.Release|Any CPU.ActiveCfg = Release|Any CPU
		{EA15FF89-33AD-413B-8BAD-6D59FE93285B}.Release|Any CPU.Build.0 = Release|Any CPU
		{96D2ACA8-C5EA-47AC-99CD-B82952D9C2BF}.Debug|Any CPU.ActiveCfg = Debug|Any CPU
		{96D2ACA8-C5EA-47AC-99CD-B82952D9C2BF}.Debug|Any CPU.Build.0 = Debug|Any CPU
		{96D2ACA8-C5EA-47AC-99CD-B82952D9C2BF}.Release|Any CPU.ActiveCfg = Release|Any CPU
		{96D2ACA8-C5EA-47AC-99CD-B82952D9C2BF}.Release|Any CPU.Build.0 = Release|Any CPU
		{5AEFA595-9F0F-43A3-8EA0-C422A8566B9B}.Debug|Any CPU.ActiveCfg = Debug|Any CPU
		{5AEFA595-9F0F-43A3-8EA0-C422A8566B9B}.Debug|Any CPU.Build.0 = Debug|Any CPU
		{5AEFA595-9F0F-43A3-8EA0-C422A8566B9B}.Release|Any CPU.ActiveCfg = Release|Any CPU
		{5AEFA595-9F0F-43A3-8EA0-C422A8566B9B}.Release|Any CPU.Build.0 = Release|Any CPU
	EndGlobalSection
	GlobalSection(SolutionProperties) = preSolution
		HideSolutionNode = FALSE
	EndGlobalSection
	GlobalSection(ExtensibilityGlobals) = postSolution
		SolutionGuid = {7F9B421D-6433-421A-8C2B-DEB654A5098C}
	EndGlobalSection
EndGlobal
